
Microsoft Visual Studio Solution File, Format Version 12.00
# Visual Studio Version 16
VisualStudioVersion = 16.0.29911.84
MinimumVisualStudioVersion = 10.0.40219.1
Project("{FAE04EC0-301F-11D3-BF4B-00C04F79EFBC}") = "Proyecto1", "Proyecto1.csproj", "{51C25FD9-3328-4161-B720-A43380BC8F1C}"
EndProject
Project("{FAE04EC0-301F-11D3-BF4B-00C04F79EFBC}") = "Proyecto1.Tests", "..\Proyecto1.Tests\Proyecto1.Tests.csproj", "{F7953BCD-A204-4F6B-AED6-3D2FA5B7EA09}"
EndProject
Global
	GlobalSection(SolutionConfigurationPlatforms) = preSolution
		Debug|Any CPU = Debug|Any CPU
		Release|Any CPU = Release|Any CPU
	EndGlobalSection
	GlobalSection(ProjectConfigurationPlatforms) = postSolution
		{51C25FD9-3328-4161-B720-A43380BC8F1C}.Debug|Any CPU.ActiveCfg = Debug|Any CPU
		{51C25FD9-3328-4161-B720-A43380BC8F1C}.Debug|Any CPU.Build.0 = Debug|Any CPU
		{51C25FD9-3328-4161-B720-A43380BC8F1C}.Release|Any CPU.ActiveCfg = Release|Any CPU
		{51C25FD9-3328-4161-B720-A43380BC8F1C}.Release|Any CPU.Build.0 = Release|Any CPU
		{F7953BCD-A204-4F6B-AED6-3D2FA5B7EA09}.Debug|Any CPU.ActiveCfg = Debug|Any CPU
		{F7953BCD-A204-4F6B-AED6-3D2FA5B7EA09}.Debug|Any CPU.Build.0 = Debug|Any CPU
		{F7953BCD-A204-4F6B-AED6-3D2FA5B7EA09}.Release|Any CPU.ActiveCfg = Release|Any CPU
		{F7953BCD-A204-4F6B-AED6-3D2FA5B7EA09}.Release|Any CPU.Build.0 = Release|Any CPU
	EndGlobalSection
	GlobalSection(SolutionProperties) = preSolution
		HideSolutionNode = FALSE
	EndGlobalSection
	GlobalSection(ExtensibilityGlobals) = postSolution
		SolutionGuid = {73DA0066-4B06-449B-804F-496953842522}
	EndGlobalSection
EndGlobal
