
Microsoft Visual Studio Solution File, Format Version 12.00
# Visual Studio Version 16
VisualStudioVersion = 16.0.29905.134
MinimumVisualStudioVersion = 10.0.40219.1
Project("{FAE04EC0-301F-11D3-BF4B-00C04F79EFBC}") = "Proyecto", "Proyecto\Proyecto.csproj", "{99E1C52E-8E29-4400-97FC-AC6F9D1F4B51}"
EndProject
Global
	GlobalSection(SolutionConfigurationPlatforms) = preSolution
		Debug|Any CPU = Debug|Any CPU
		Release|Any CPU = Release|Any CPU
	EndGlobalSection
	GlobalSection(ProjectConfigurationPlatforms) = postSolution
		{99E1C52E-8E29-4400-97FC-AC6F9D1F4B51}.Debug|Any CPU.ActiveCfg = Debug|Any CPU
		{99E1C52E-8E29-4400-97FC-AC6F9D1F4B51}.Debug|Any CPU.Build.0 = Debug|Any CPU
		{99E1C52E-8E29-4400-97FC-AC6F9D1F4B51}.Release|Any CPU.ActiveCfg = Release|Any CPU
		{99E1C52E-8E29-4400-97FC-AC6F9D1F4B51}.Release|Any CPU.Build.0 = Release|Any CPU
	EndGlobalSection
	GlobalSection(SolutionProperties) = preSolution
		HideSolutionNode = FALSE
	EndGlobalSection
	GlobalSection(ExtensibilityGlobals) = postSolution
		SolutionGuid = {6B4912DD-63A0-4A00-955D-9F53AD9A5E15}
	EndGlobalSection
EndGlobal
